
Microsoft Visual Studio Solution File, Format Version 12.00
# Visual Studio 15
VisualStudioVersion = 15.0.27428.2005
MinimumVisualStudioVersion = 10.0.40219.1
Project("{FAE04EC0-301F-11D3-BF4B-00C04F79EFBC}") = "Kaizen.MircoORM", "Kaizen.MircoORM\Kaizen.MircoORM.csproj", "{AF5F1717-CEAA-4C9D-906A-D495054B7D86}"
EndProject
Global
	GlobalSection(SolutionConfigurationPlatforms) = preSolution
		Debug|Any CPU = Debug|Any CPU
		Release|Any CPU = Release|Any CPU
	EndGlobalSection
	GlobalSection(ProjectConfigurationPlatforms) = postSolution
		{AF5F1717-CEAA-4C9D-906A-D495054B7D86}.Debug|Any CPU.ActiveCfg = Debug|Any CPU
		{AF5F1717-CEAA-4C9D-906A-D495054B7D86}.Debug|Any CPU.Build.0 = Debug|Any CPU
		{AF5F1717-CEAA-4C9D-906A-D495054B7D86}.Release|Any CPU.ActiveCfg = Release|Any CPU
		{AF5F1717-CEAA-4C9D-906A-D495054B7D86}.Release|Any CPU.Build.0 = Release|Any CPU
	EndGlobalSection
	GlobalSection(SolutionProperties) = preSolution
		HideSolutionNode = FALSE
	EndGlobalSection
	GlobalSection(ExtensibilityGlobals) = postSolution
		SolutionGuid = {7AB78A89-44CF-4A67-9B0E-EC163143AA93}
	EndGlobalSection
EndGlobal
